
Microsoft Visual Studio Solution File, Format Version 12.00
Project("{FAE04EC0-301F-11D3-BF4B-00C04F79EFBC}") = "day01", "2025\day01\day01.csproj", "{AF89AD60-B316-4A3F-BEA5-A77DC6717817}"
EndProject
Project("{FAE04EC0-301F-11D3-BF4B-00C04F79EFBC}") = "day02", "2025\day02\day02.csproj", "{A9474A36-F8A4-4324-90A7-C3A63EE29089}"
EndProject
Project("{FAE04EC0-301F-11D3-BF4B-00C04F79EFBC}") = "day03", "2025\day03\day03.csproj", "{F4C4953B-68E8-4AEC-88BB-880D1B900B0D}"
EndProject
Project("{FAE04EC0-301F-11D3-BF4B-00C04F79EFBC}") = "day04", "2025\day04\day04.csproj", "{38369FF7-9C92-4F03-B2DD-C0CA8C6FD57B}"
EndProject
Project("{FAE04EC0-301F-11D3-BF4B-00C04F79EFBC}") = "day05", "2025\day05\day05.csproj", "{2735488B-B151-4C97-89F7-9CB42D36BB14}"
EndProject
Project("{FAE04EC0-301F-11D3-BF4B-00C04F79EFBC}") = "day06", "2025\day06\day06.csproj", "{8E58A447-8157-49F1-A847-75A73A91B0FC}"
EndProject
Project("{FAE04EC0-301F-11D3-BF4B-00C04F79EFBC}") = "day07", "2025\day07\day07.csproj", "{1BDB8BAF-EDAE-436F-8919-70DB8CE6A562}"
EndProject
Project("{FAE04EC0-301F-11D3-BF4B-00C04F79EFBC}") = "day08", "2025\day08\day08.csproj", "{28D3D919-0F42-4E43-934A-07D725EB4254}"
EndProject
Project("{FAE04EC0-301F-11D3-BF4B-00C04F79EFBC}") = "day09", "2025\day09\day09.csproj", "{C6A2D240-9B63-4542-85B5-DD59302C07B6}"
EndProject
Project("{FAE04EC0-301F-11D3-BF4B-00C04F79EFBC}") = "day10", "2025\day10\day10.csproj", "{85B24650-B82A-4D48-A8D4-3D2E57939B58}"
EndProject
Project("{FAE04EC0-301F-11D3-BF4B-00C04F79EFBC}") = "day11", "2025\day11\day11.csproj", "{FBB581F2-1A3C-4274-BAB8-EF39639E9226}"
EndProject
Project("{FAE04EC0-301F-11D3-BF4B-00C04F79EFBC}") = "day12", "2025\day12\day12.csproj", "{CE79C59B-6ABF-44FF-8DE6-AACEC852A76A}"
EndProject
Project("{2150E333-8FDC-42A3-9474-1A3956D46DE8}") = "2025", "2025", "{C46D5B93-69BC-45CA-95F3-7014122DEEA1}"
EndProject
Project("{2150E333-8FDC-42A3-9474-1A3956D46DE8}") = "2015", "2015", "{8DCDC2E1-DCAD-43EC-BD17-0D2F8916B67B}"
EndProject
Project("{FAE04EC0-301F-11D3-BF4B-00C04F79EFBC}") = "day01-Not Quite Lisp", "2015\day01-Not Quite Lisp\day01-Not Quite Lisp.csproj", "{43A0E69F-6D5C-4433-A26D-EAE1284F8782}"
EndProject
Project("{FAE04EC0-301F-11D3-BF4B-00C04F79EFBC}") = "day02-I Was Told There Would Be No Math", "2015\day02-I Was Told There Would Be No Math\day02-I Was Told There Would Be No Math.csproj", "{FF0A138F-F322-48D5-B7DC-7BBC2DBC7849}"
EndProject
Project("{FAE04EC0-301F-11D3-BF4B-00C04F79EFBC}") = "day03-Perfectly Spherical Houses in a Vacuum", "2015\day03-Perfectly Spherical Houses in a Vacuum\day03-Perfectly Spherical Houses in a Vacuum.csproj", "{119CE943-868B-4576-AA09-A49653F2248B}"
EndProject
Project("{FAE04EC0-301F-11D3-BF4B-00C04F79EFBC}") = "day04-The Ideal Stocking Stuffer", "2015\day04-The Ideal Stocking Stuffer\day04-The Ideal Stocking Stuffer.csproj", "{66EA5FDA-14EE-4B49-8E26-9D5B466A27EA}"
EndProject
Project("{FAE04EC0-301F-11D3-BF4B-00C04F79EFBC}") = "day05-Doesnt He Have Intern-Elves For This", "2015\day05-Doesnt He Have Intern-Elves For This\day05-Doesnt He Have Intern-Elves For This.csproj", "{94A63261-F36C-4122-A124-109DA967C546}"
EndProject
Project("{FAE04EC0-301F-11D3-BF4B-00C04F79EFBC}") = "day06-Probably a Fire Hazard", "2015\day06-Probably a Fire Hazard\day06-Probably a Fire Hazard.csproj", "{7F02A6B1-9BF6-4CA4-B8E5-CA0E7345335A}"
EndProject
Project("{FAE04EC0-301F-11D3-BF4B-00C04F79EFBC}") = "day07-Some Assembly Required", "2015\day07-Some Assembly Required\day07-Some Assembly Required.csproj", "{319AA016-9619-44CC-AC12-34DBFF2A664A}"
EndProject
Project("{FAE04EC0-301F-11D3-BF4B-00C04F79EFBC}") = "day08-Matchsticks", "2015\day08-Matchsticks\day08-Matchsticks.csproj", "{758D1788-D2A7-4291-BDDB-08AFAFB7A97D}"
EndProject
Project("{FAE04EC0-301F-11D3-BF4B-00C04F79EFBC}") = "day09-All in a Single Night", "2015\day09-All in a Single Night\day09-All in a Single Night.csproj", "{C18F1543-9F60-4032-B5DE-3AA801E9D3B9}"
EndProject
Project("{FAE04EC0-301F-11D3-BF4B-00C04F79EFBC}") = "day10-Elves Look Elves Say", "2015\day10-Elves Look Elves Say\day10-Elves Look Elves Say.csproj", "{6C04E756-3955-46D2-B15C-6F3996DE011B}"
EndProject
Project("{FAE04EC0-301F-11D3-BF4B-00C04F79EFBC}") = "day11-Corporate Policy", "2015\day11-Corporate Policy\day11-Corporate Policy.csproj", "{E6B2D460-FDFC-46EB-9E61-5F62C31D1CB4}"
EndProject
Project("{FAE04EC0-301F-11D3-BF4B-00C04F79EFBC}") = "day12-JSAbacusFramework.io", "2015\day12-JSAbacusFramework.io\day12-JSAbacusFramework.io.csproj", "{8FF8531C-CD15-4A07-8E6F-CAC3BF28383C}"
EndProject
Project("{FAE04EC0-301F-11D3-BF4B-00C04F79EFBC}") = "day13-Knights of the Dinner Table", "2015\day13-Knights of the Dinner Table\day13-Knights of the Dinner Table.csproj", "{0086B110-CE33-4CE1-A723-D456280E1442}"
EndProject
Project("{FAE04EC0-301F-11D3-BF4B-00C04F79EFBC}") = "day14-Reindeer Olympics", "2015\day14-Reindeer Olympics\day14-Reindeer Olympics.csproj", "{EE1D8125-336E-4ECD-9EBF-1784954C35E5}"
EndProject
Global
	GlobalSection(SolutionConfigurationPlatforms) = preSolution
		Debug|Any CPU = Debug|Any CPU
		Release|Any CPU = Release|Any CPU
	EndGlobalSection
	GlobalSection(ProjectConfigurationPlatforms) = postSolution
		{AF89AD60-B316-4A3F-BEA5-A77DC6717817}.Debug|Any CPU.ActiveCfg = Debug|Any CPU
		{AF89AD60-B316-4A3F-BEA5-A77DC6717817}.Debug|Any CPU.Build.0 = Debug|Any CPU
		{AF89AD60-B316-4A3F-BEA5-A77DC6717817}.Release|Any CPU.ActiveCfg = Release|Any CPU
		{AF89AD60-B316-4A3F-BEA5-A77DC6717817}.Release|Any CPU.Build.0 = Release|Any CPU
		{A9474A36-F8A4-4324-90A7-C3A63EE29089}.Debug|Any CPU.ActiveCfg = Debug|Any CPU
		{A9474A36-F8A4-4324-90A7-C3A63EE29089}.Debug|Any CPU.Build.0 = Debug|Any CPU
		{A9474A36-F8A4-4324-90A7-C3A63EE29089}.Release|Any CPU.ActiveCfg = Release|Any CPU
		{A9474A36-F8A4-4324-90A7-C3A63EE29089}.Release|Any CPU.Build.0 = Release|Any CPU
		{F4C4953B-68E8-4AEC-88BB-880D1B900B0D}.Debug|Any CPU.ActiveCfg = Debug|Any CPU
		{F4C4953B-68E8-4AEC-88BB-880D1B900B0D}.Debug|Any CPU.Build.0 = Debug|Any CPU
		{F4C4953B-68E8-4AEC-88BB-880D1B900B0D}.Release|Any CPU.ActiveCfg = Release|Any CPU
		{F4C4953B-68E8-4AEC-88BB-880D1B900B0D}.Release|Any CPU.Build.0 = Release|Any CPU
		{38369FF7-9C92-4F03-B2DD-C0CA8C6FD57B}.Debug|Any CPU.ActiveCfg = Debug|Any CPU
		{38369FF7-9C92-4F03-B2DD-C0CA8C6FD57B}.Debug|Any CPU.Build.0 = Debug|Any CPU
		{38369FF7-9C92-4F03-B2DD-C0CA8C6FD57B}.Release|Any CPU.ActiveCfg = Release|Any CPU
		{38369FF7-9C92-4F03-B2DD-C0CA8C6FD57B}.Release|Any CPU.Build.0 = Release|Any CPU
		{2735488B-B151-4C97-89F7-9CB42D36BB14}.Debug|Any CPU.ActiveCfg = Debug|Any CPU
		{2735488B-B151-4C97-89F7-9CB42D36BB14}.Debug|Any CPU.Build.0 = Debug|Any CPU
		{2735488B-B151-4C97-89F7-9CB42D36BB14}.Release|Any CPU.ActiveCfg = Release|Any CPU
		{2735488B-B151-4C97-89F7-9CB42D36BB14}.Release|Any CPU.Build.0 = Release|Any CPU
		{8E58A447-8157-49F1-A847-75A73A91B0FC}.Debug|Any CPU.ActiveCfg = Debug|Any CPU
		{8E58A447-8157-49F1-A847-75A73A91B0FC}.Debug|Any CPU.Build.0 = Debug|Any CPU
		{8E58A447-8157-49F1-A847-75A73A91B0FC}.Release|Any CPU.ActiveCfg = Release|Any CPU
		{8E58A447-8157-49F1-A847-75A73A91B0FC}.Release|Any CPU.Build.0 = Release|Any CPU
		{1BDB8BAF-EDAE-436F-8919-70DB8CE6A562}.Debug|Any CPU.ActiveCfg = Debug|Any CPU
		{1BDB8BAF-EDAE-436F-8919-70DB8CE6A562}.Debug|Any CPU.Build.0 = Debug|Any CPU
		{1BDB8BAF-EDAE-436F-8919-70DB8CE6A562}.Release|Any CPU.ActiveCfg = Release|Any CPU
		{1BDB8BAF-EDAE-436F-8919-70DB8CE6A562}.Release|Any CPU.Build.0 = Release|Any CPU
		{28D3D919-0F42-4E43-934A-07D725EB4254}.Debug|Any CPU.ActiveCfg = Debug|Any CPU
		{28D3D919-0F42-4E43-934A-07D725EB4254}.Debug|Any CPU.Build.0 = Debug|Any CPU
		{28D3D919-0F42-4E43-934A-07D725EB4254}.Release|Any CPU.ActiveCfg = Release|Any CPU
		{28D3D919-0F42-4E43-934A-07D725EB4254}.Release|Any CPU.Build.0 = Release|Any CPU
		{C6A2D240-9B63-4542-85B5-DD59302C07B6}.Debug|Any CPU.ActiveCfg = Debug|Any CPU
		{C6A2D240-9B63-4542-85B5-DD59302C07B6}.Debug|Any CPU.Build.0 = Debug|Any CPU
		{C6A2D240-9B63-4542-85B5-DD59302C07B6}.Release|Any CPU.ActiveCfg = Release|Any CPU
		{C6A2D240-9B63-4542-85B5-DD59302C07B6}.Release|Any CPU.Build.0 = Release|Any CPU
		{85B24650-B82A-4D48-A8D4-3D2E57939B58}.Debug|Any CPU.ActiveCfg = Debug|Any CPU
		{85B24650-B82A-4D48-A8D4-3D2E57939B58}.Debug|Any CPU.Build.0 = Debug|Any CPU
		{85B24650-B82A-4D48-A8D4-3D2E57939B58}.Release|Any CPU.ActiveCfg = Release|Any CPU
		{85B24650-B82A-4D48-A8D4-3D2E57939B58}.Release|Any CPU.Build.0 = Release|Any CPU
		{FBB581F2-1A3C-4274-BAB8-EF39639E9226}.Debug|Any CPU.ActiveCfg = Debug|Any CPU
		{FBB581F2-1A3C-4274-BAB8-EF39639E9226}.Debug|Any CPU.Build.0 = Debug|Any CPU
		{FBB581F2-1A3C-4274-BAB8-EF39639E9226}.Release|Any CPU.ActiveCfg = Release|Any CPU
		{FBB581F2-1A3C-4274-BAB8-EF39639E9226}.Release|Any CPU.Build.0 = Release|Any CPU
		{CE79C59B-6ABF-44FF-8DE6-AACEC852A76A}.Debug|Any CPU.ActiveCfg = Debug|Any CPU
		{CE79C59B-6ABF-44FF-8DE6-AACEC852A76A}.Debug|Any CPU.Build.0 = Debug|Any CPU
		{CE79C59B-6ABF-44FF-8DE6-AACEC852A76A}.Release|Any CPU.ActiveCfg = Release|Any CPU
		{CE79C59B-6ABF-44FF-8DE6-AACEC852A76A}.Release|Any CPU.Build.0 = Release|Any CPU
		{43A0E69F-6D5C-4433-A26D-EAE1284F8782}.Debug|Any CPU.ActiveCfg = Debug|Any CPU
		{43A0E69F-6D5C-4433-A26D-EAE1284F8782}.Debug|Any CPU.Build.0 = Debug|Any CPU
		{43A0E69F-6D5C-4433-A26D-EAE1284F8782}.Release|Any CPU.ActiveCfg = Release|Any CPU
		{43A0E69F-6D5C-4433-A26D-EAE1284F8782}.Release|Any CPU.Build.0 = Release|Any CPU
		{FF0A138F-F322-48D5-B7DC-7BBC2DBC7849}.Debug|Any CPU.ActiveCfg = Debug|Any CPU
		{FF0A138F-F322-48D5-B7DC-7BBC2DBC7849}.Debug|Any CPU.Build.0 = Debug|Any CPU
		{FF0A138F-F322-48D5-B7DC-7BBC2DBC7849}.Release|Any CPU.ActiveCfg = Release|Any CPU
		{FF0A138F-F322-48D5-B7DC-7BBC2DBC7849}.Release|Any CPU.Build.0 = Release|Any CPU
		{119CE943-868B-4576-AA09-A49653F2248B}.Debug|Any CPU.ActiveCfg = Debug|Any CPU
		{119CE943-868B-4576-AA09-A49653F2248B}.Debug|Any CPU.Build.0 = Debug|Any CPU
		{119CE943-868B-4576-AA09-A49653F2248B}.Release|Any CPU.ActiveCfg = Release|Any CPU
		{119CE943-868B-4576-AA09-A49653F2248B}.Release|Any CPU.Build.0 = Release|Any CPU
		{66EA5FDA-14EE-4B49-8E26-9D5B466A27EA}.Debug|Any CPU.ActiveCfg = Debug|Any CPU
		{66EA5FDA-14EE-4B49-8E26-9D5B466A27EA}.Debug|Any CPU.Build.0 = Debug|Any CPU
		{66EA5FDA-14EE-4B49-8E26-9D5B466A27EA}.Release|Any CPU.ActiveCfg = Release|Any CPU
		{66EA5FDA-14EE-4B49-8E26-9D5B466A27EA}.Release|Any CPU.Build.0 = Release|Any CPU
		{94A63261-F36C-4122-A124-109DA967C546}.Debug|Any CPU.ActiveCfg = Debug|Any CPU
		{94A63261-F36C-4122-A124-109DA967C546}.Debug|Any CPU.Build.0 = Debug|Any CPU
		{94A63261-F36C-4122-A124-109DA967C546}.Release|Any CPU.ActiveCfg = Release|Any CPU
		{94A63261-F36C-4122-A124-109DA967C546}.Release|Any CPU.Build.0 = Release|Any CPU
		{7F02A6B1-9BF6-4CA4-B8E5-CA0E7345335A}.Debug|Any CPU.ActiveCfg = Debug|Any CPU
		{7F02A6B1-9BF6-4CA4-B8E5-CA0E7345335A}.Debug|Any CPU.Build.0 = Debug|Any CPU
		{7F02A6B1-9BF6-4CA4-B8E5-CA0E7345335A}.Release|Any CPU.ActiveCfg = Release|Any CPU
		{7F02A6B1-9BF6-4CA4-B8E5-CA0E7345335A}.Release|Any CPU.Build.0 = Release|Any CPU
		{319AA016-9619-44CC-AC12-34DBFF2A664A}.Debug|Any CPU.ActiveCfg = Debug|Any CPU
		{319AA016-9619-44CC-AC12-34DBFF2A664A}.Debug|Any CPU.Build.0 = Debug|Any CPU
		{319AA016-9619-44CC-AC12-34DBFF2A664A}.Release|Any CPU.ActiveCfg = Release|Any CPU
		{319AA016-9619-44CC-AC12-34DBFF2A664A}.Release|Any CPU.Build.0 = Release|Any CPU
		{758D1788-D2A7-4291-BDDB-08AFAFB7A97D}.Debug|Any CPU.ActiveCfg = Debug|Any CPU
		{758D1788-D2A7-4291-BDDB-08AFAFB7A97D}.Debug|Any CPU.Build.0 = Debug|Any CPU
		{758D1788-D2A7-4291-BDDB-08AFAFB7A97D}.Release|Any CPU.ActiveCfg = Release|Any CPU
		{758D1788-D2A7-4291-BDDB-08AFAFB7A97D}.Release|Any CPU.Build.0 = Release|Any CPU
		{C18F1543-9F60-4032-B5DE-3AA801E9D3B9}.Debug|Any CPU.ActiveCfg = Debug|Any CPU
		{C18F1543-9F60-4032-B5DE-3AA801E9D3B9}.Debug|Any CPU.Build.0 = Debug|Any CPU
		{C18F1543-9F60-4032-B5DE-3AA801E9D3B9}.Release|Any CPU.ActiveCfg = Release|Any CPU
		{C18F1543-9F60-4032-B5DE-3AA801E9D3B9}.Release|Any CPU.Build.0 = Release|Any CPU
		{6C04E756-3955-46D2-B15C-6F3996DE011B}.Debug|Any CPU.ActiveCfg = Debug|Any CPU
		{6C04E756-3955-46D2-B15C-6F3996DE011B}.Debug|Any CPU.Build.0 = Debug|Any CPU
		{6C04E756-3955-46D2-B15C-6F3996DE011B}.Release|Any CPU.ActiveCfg = Release|Any CPU
		{6C04E756-3955-46D2-B15C-6F3996DE011B}.Release|Any CPU.Build.0 = Release|Any CPU
		{E6B2D460-FDFC-46EB-9E61-5F62C31D1CB4}.Debug|Any CPU.ActiveCfg = Debug|Any CPU
		{E6B2D460-FDFC-46EB-9E61-5F62C31D1CB4}.Debug|Any CPU.Build.0 = Debug|Any CPU
		{E6B2D460-FDFC-46EB-9E61-5F62C31D1CB4}.Release|Any CPU.ActiveCfg = Release|Any CPU
		{E6B2D460-FDFC-46EB-9E61-5F62C31D1CB4}.Release|Any CPU.Build.0 = Release|Any CPU
		{8FF8531C-CD15-4A07-8E6F-CAC3BF28383C}.Debug|Any CPU.ActiveCfg = Debug|Any CPU
		{8FF8531C-CD15-4A07-8E6F-CAC3BF28383C}.Debug|Any CPU.Build.0 = Debug|Any CPU
		{8FF8531C-CD15-4A07-8E6F-CAC3BF28383C}.Release|Any CPU.ActiveCfg = Release|Any CPU
		{8FF8531C-CD15-4A07-8E6F-CAC3BF28383C}.Release|Any CPU.Build.0 = Release|Any CPU
		{0086B110-CE33-4CE1-A723-D456280E1442}.Debug|Any CPU.ActiveCfg = Debug|Any CPU
		{0086B110-CE33-4CE1-A723-D456280E1442}.Debug|Any CPU.Build.0 = Debug|Any CPU
		{0086B110-CE33-4CE1-A723-D456280E1442}.Release|Any CPU.ActiveCfg = Release|Any CPU
		{0086B110-CE33-4CE1-A723-D456280E1442}.Release|Any CPU.Build.0 = Release|Any CPU
		{EE1D8125-336E-4ECD-9EBF-1784954C35E5}.Debug|Any CPU.ActiveCfg = Debug|Any CPU
		{EE1D8125-336E-4ECD-9EBF-1784954C35E5}.Debug|Any CPU.Build.0 = Debug|Any CPU
		{EE1D8125-336E-4ECD-9EBF-1784954C35E5}.Release|Any CPU.ActiveCfg = Release|Any CPU
		{EE1D8125-336E-4ECD-9EBF-1784954C35E5}.Release|Any CPU.Build.0 = Release|Any CPU
	EndGlobalSection
	GlobalSection(NestedProjects) = preSolution
		{AF89AD60-B316-4A3F-BEA5-A77DC6717817} = {C46D5B93-69BC-45CA-95F3-7014122DEEA1}
		{A9474A36-F8A4-4324-90A7-C3A63EE29089} = {C46D5B93-69BC-45CA-95F3-7014122DEEA1}
		{F4C4953B-68E8-4AEC-88BB-880D1B900B0D} = {C46D5B93-69BC-45CA-95F3-7014122DEEA1}
		{38369FF7-9C92-4F03-B2DD-C0CA8C6FD57B} = {C46D5B93-69BC-45CA-95F3-7014122DEEA1}
		{2735488B-B151-4C97-89F7-9CB42D36BB14} = {C46D5B93-69BC-45CA-95F3-7014122DEEA1}
		{8E58A447-8157-49F1-A847-75A73A91B0FC} = {C46D5B93-69BC-45CA-95F3-7014122DEEA1}
		{1BDB8BAF-EDAE-436F-8919-70DB8CE6A562} = {C46D5B93-69BC-45CA-95F3-7014122DEEA1}
		{28D3D919-0F42-4E43-934A-07D725EB4254} = {C46D5B93-69BC-45CA-95F3-7014122DEEA1}
		{C6A2D240-9B63-4542-85B5-DD59302C07B6} = {C46D5B93-69BC-45CA-95F3-7014122DEEA1}
		{85B24650-B82A-4D48-A8D4-3D2E57939B58} = {C46D5B93-69BC-45CA-95F3-7014122DEEA1}
		{FBB581F2-1A3C-4274-BAB8-EF39639E9226} = {C46D5B93-69BC-45CA-95F3-7014122DEEA1}
		{CE79C59B-6ABF-44FF-8DE6-AACEC852A76A} = {C46D5B93-69BC-45CA-95F3-7014122DEEA1}
		{43A0E69F-6D5C-4433-A26D-EAE1284F8782} = {8DCDC2E1-DCAD-43EC-BD17-0D2F8916B67B}
		{FF0A138F-F322-48D5-B7DC-7BBC2DBC7849} = {8DCDC2E1-DCAD-43EC-BD17-0D2F8916B67B}
		{119CE943-868B-4576-AA09-A49653F2248B} = {8DCDC2E1-DCAD-43EC-BD17-0D2F8916B67B}
		{66EA5FDA-14EE-4B49-8E26-9D5B466A27EA} = {8DCDC2E1-DCAD-43EC-BD17-0D2F8916B67B}
		{94A63261-F36C-4122-A124-109DA967C546} = {8DCDC2E1-DCAD-43EC-BD17-0D2F8916B67B}
		{7F02A6B1-9BF6-4CA4-B8E5-CA0E7345335A} = {8DCDC2E1-DCAD-43EC-BD17-0D2F8916B67B}
		{319AA016-9619-44CC-AC12-34DBFF2A664A} = {8DCDC2E1-DCAD-43EC-BD17-0D2F8916B67B}
		{758D1788-D2A7-4291-BDDB-08AFAFB7A97D} = {8DCDC2E1-DCAD-43EC-BD17-0D2F8916B67B}
		{C18F1543-9F60-4032-B5DE-3AA801E9D3B9} = {8DCDC2E1-DCAD-43EC-BD17-0D2F8916B67B}
		{6C04E756-3955-46D2-B15C-6F3996DE011B} = {8DCDC2E1-DCAD-43EC-BD17-0D2F8916B67B}
		{E6B2D460-FDFC-46EB-9E61-5F62C31D1CB4} = {8DCDC2E1-DCAD-43EC-BD17-0D2F8916B67B}
		{8FF8531C-CD15-4A07-8E6F-CAC3BF28383C} = {8DCDC2E1-DCAD-43EC-BD17-0D2F8916B67B}
		{0086B110-CE33-4CE1-A723-D456280E1442} = {8DCDC2E1-DCAD-43EC-BD17-0D2F8916B67B}
		{EE1D8125-336E-4ECD-9EBF-1784954C35E5} = {8DCDC2E1-DCAD-43EC-BD17-0D2F8916B67B}
	EndGlobalSection
EndGlobal
