
Microsoft Visual Studio Solution File, Format Version 12.00
Project("{FAE04EC0-301F-11D3-BF4B-00C04F79EFBC}") = "day01", "2025\day01\day01.csproj", "{AF89AD60-B316-4A3F-BEA5-A77DC6717817}"
EndProject
Project("{FAE04EC0-301F-11D3-BF4B-00C04F79EFBC}") = "day02", "2025\day02\day02.csproj", "{A9474A36-F8A4-4324-90A7-C3A63EE29089}"
EndProject
Project("{FAE04EC0-301F-11D3-BF4B-00C04F79EFBC}") = "day03", "2025\day03\day03.csproj", "{F4C4953B-68E8-4AEC-88BB-880D1B900B0D}"
EndProject
Project("{FAE04EC0-301F-11D3-BF4B-00C04F79EFBC}") = "day04", "2025\day04\day04.csproj", "{38369FF7-9C92-4F03-B2DD-C0CA8C6FD57B}"
EndProject
Project("{FAE04EC0-301F-11D3-BF4B-00C04F79EFBC}") = "day05", "2025\day05\day05.csproj", "{2735488B-B151-4C97-89F7-9CB42D36BB14}"
EndProject
Project("{FAE04EC0-301F-11D3-BF4B-00C04F79EFBC}") = "day06", "2025\day06\day06.csproj", "{8E58A447-8157-49F1-A847-75A73A91B0FC}"
EndProject
Project("{FAE04EC0-301F-11D3-BF4B-00C04F79EFBC}") = "day07", "2025\day07\day07.csproj", "{1BDB8BAF-EDAE-436F-8919-70DB8CE6A562}"
EndProject
Project("{FAE04EC0-301F-11D3-BF4B-00C04F79EFBC}") = "day08", "2025\day08\day08.csproj", "{28D3D919-0F42-4E43-934A-07D725EB4254}"
EndProject
Project("{FAE04EC0-301F-11D3-BF4B-00C04F79EFBC}") = "day09", "2025\day09\day09.csproj", "{C6A2D240-9B63-4542-85B5-DD59302C07B6}"
EndProject
Project("{FAE04EC0-301F-11D3-BF4B-00C04F79EFBC}") = "day10", "2025\day10\day10.csproj", "{85B24650-B82A-4D48-A8D4-3D2E57939B58}"
EndProject
Project("{FAE04EC0-301F-11D3-BF4B-00C04F79EFBC}") = "day11", "2025\day11\day11.csproj", "{FBB581F2-1A3C-4274-BAB8-EF39639E9226}"
EndProject
Project("{FAE04EC0-301F-11D3-BF4B-00C04F79EFBC}") = "day12", "2025\day12\day12.csproj", "{CE79C59B-6ABF-44FF-8DE6-AACEC852A76A}"
EndProject
Project("{2150E333-8FDC-42A3-9474-1A3956D46DE8}") = "2025", "2025", "{C46D5B93-69BC-45CA-95F3-7014122DEEA1}"
EndProject
Project("{2150E333-8FDC-42A3-9474-1A3956D46DE8}") = "2015", "2015", "{8DCDC2E1-DCAD-43EC-BD17-0D2F8916B67B}"
	ProjectSection(SolutionItems) = preProject
		2015\Calendar.html = 2015\Calendar.html
	EndProjectSection
EndProject
Project("{FAE04EC0-301F-11D3-BF4B-00C04F79EFBC}") = "day01-Not Quite Lisp", "2015\day01-Not Quite Lisp\day01-Not Quite Lisp.csproj", "{43A0E69F-6D5C-4433-A26D-EAE1284F8782}"
EndProject
Project("{FAE04EC0-301F-11D3-BF4B-00C04F79EFBC}") = "day02-I Was Told There Would Be No Math", "2015\day02-I Was Told There Would Be No Math\day02-I Was Told There Would Be No Math.csproj", "{FF0A138F-F322-48D5-B7DC-7BBC2DBC7849}"
EndProject
Project("{FAE04EC0-301F-11D3-BF4B-00C04F79EFBC}") = "day03-Perfectly Spherical Houses in a Vacuum", "2015\day03-Perfectly Spherical Houses in a Vacuum\day03-Perfectly Spherical Houses in a Vacuum.csproj", "{119CE943-868B-4576-AA09-A49653F2248B}"
EndProject
Project("{FAE04EC0-301F-11D3-BF4B-00C04F79EFBC}") = "day04-The Ideal Stocking Stuffer", "2015\day04-The Ideal Stocking Stuffer\day04-The Ideal Stocking Stuffer.csproj", "{66EA5FDA-14EE-4B49-8E26-9D5B466A27EA}"
EndProject
Project("{FAE04EC0-301F-11D3-BF4B-00C04F79EFBC}") = "day05-Doesnt He Have Intern-Elves For This", "2015\day05-Doesnt He Have Intern-Elves For This\day05-Doesnt He Have Intern-Elves For This.csproj", "{94A63261-F36C-4122-A124-109DA967C546}"
EndProject
Project("{FAE04EC0-301F-11D3-BF4B-00C04F79EFBC}") = "day06-Probably a Fire Hazard", "2015\day06-Probably a Fire Hazard\day06-Probably a Fire Hazard.csproj", "{7F02A6B1-9BF6-4CA4-B8E5-CA0E7345335A}"
EndProject
Project("{FAE04EC0-301F-11D3-BF4B-00C04F79EFBC}") = "day07-Some Assembly Required", "2015\day07-Some Assembly Required\day07-Some Assembly Required.csproj", "{319AA016-9619-44CC-AC12-34DBFF2A664A}"
EndProject
Project("{FAE04EC0-301F-11D3-BF4B-00C04F79EFBC}") = "day08-Matchsticks", "2015\day08-Matchsticks\day08-Matchsticks.csproj", "{758D1788-D2A7-4291-BDDB-08AFAFB7A97D}"
EndProject
Project("{FAE04EC0-301F-11D3-BF4B-00C04F79EFBC}") = "day09-All in a Single Night", "2015\day09-All in a Single Night\day09-All in a Single Night.csproj", "{C18F1543-9F60-4032-B5DE-3AA801E9D3B9}"
EndProject
Project("{FAE04EC0-301F-11D3-BF4B-00C04F79EFBC}") = "day10-Elves Look Elves Say", "2015\day10-Elves Look Elves Say\day10-Elves Look Elves Say.csproj", "{6C04E756-3955-46D2-B15C-6F3996DE011B}"
EndProject
Project("{FAE04EC0-301F-11D3-BF4B-00C04F79EFBC}") = "day11-Corporate Policy", "2015\day11-Corporate Policy\day11-Corporate Policy.csproj", "{E6B2D460-FDFC-46EB-9E61-5F62C31D1CB4}"
EndProject
Project("{FAE04EC0-301F-11D3-BF4B-00C04F79EFBC}") = "day12-JSAbacusFramework.io", "2015\day12-JSAbacusFramework.io\day12-JSAbacusFramework.io.csproj", "{8FF8531C-CD15-4A07-8E6F-CAC3BF28383C}"
EndProject
Project("{FAE04EC0-301F-11D3-BF4B-00C04F79EFBC}") = "day13-Knights of the Dinner Table", "2015\day13-Knights of the Dinner Table\day13-Knights of the Dinner Table.csproj", "{0086B110-CE33-4CE1-A723-D456280E1442}"
EndProject
Project("{FAE04EC0-301F-11D3-BF4B-00C04F79EFBC}") = "day14-Reindeer Olympics", "2015\day14-Reindeer Olympics\day14-Reindeer Olympics.csproj", "{EE1D8125-336E-4ECD-9EBF-1784954C35E5}"
EndProject
Project("{FAE04EC0-301F-11D3-BF4B-00C04F79EFBC}") = "day15-Science for Hungry People", "2015\day15-Science for Hungry People\day15-Science for Hungry People.csproj", "{FB6C58A3-46E1-4D27-87FB-61B13314D90C}"
EndProject
Project("{FAE04EC0-301F-11D3-BF4B-00C04F79EFBC}") = "day16-Aunt Sue", "2015\day16-Aunt Sue\day16-Aunt Sue.csproj", "{DF32F3ED-9803-494C-9E3F-3C93C0092013}"
EndProject
Project("{FAE04EC0-301F-11D3-BF4B-00C04F79EFBC}") = "day17-No Such Thing as Too Much", "2015\day17-No Such Thing as Too Much\day17-No Such Thing as Too Much.csproj", "{B2B92E4C-A9F2-4612-A0D9-EAB3CC203194}"
EndProject
Project("{FAE04EC0-301F-11D3-BF4B-00C04F79EFBC}") = "day18-Like a GIF For Your Yard", "2015\day18-Like a GIF For Your Yard\day18-Like a GIF For Your Yard.csproj", "{A6AB899F-7EF8-4782-98E7-076F61D36BEC}"
EndProject
Project("{FAE04EC0-301F-11D3-BF4B-00C04F79EFBC}") = "day20-Infinite Elves and Infinite Houses", "2015\day20-Infinite Elves and Infinite Houses\day20-Infinite Elves and Infinite Houses.csproj", "{4981F71D-C845-4D20-AB65-B433764F9548}"
EndProject
Project("{FAE04EC0-301F-11D3-BF4B-00C04F79EFBC}") = "day21-RPG Simulator 20XX", "2015\day21-RPG Simulator 20XX\day21-RPG Simulator 20XX.csproj", "{10E4BA6F-D06E-43FA-93C7-E1C1E4942B0D}"
EndProject
Project("{FAE04EC0-301F-11D3-BF4B-00C04F79EFBC}") = "day22-Wizard Simulator 20XX", "2015\day22-Wizard Simulator 20XX\day22-Wizard Simulator 20XX.csproj", "{FE32F14C-51B7-4B62-A503-1CE547D55088}"
EndProject
Project("{FAE04EC0-301F-11D3-BF4B-00C04F79EFBC}") = "day19-Medicine for Rudolph", "2015\day19-Medicine for Rudolph\day19-Medicine for Rudolph.csproj", "{7E25695C-0E56-401C-8FC3-1624CAC712D8}"
EndProject
Project("{FAE04EC0-301F-11D3-BF4B-00C04F79EFBC}") = "day23-Opening the Turing Lock", "2015\day23-Opening the Turing Lock\day23-Opening the Turing Lock.csproj", "{7ECA634E-115A-4FBC-85A7-3C71A54F684F}"
EndProject
Project("{FAE04EC0-301F-11D3-BF4B-00C04F79EFBC}") = "day24-It Hangs in the Balance", "2015\day24-It Hangs in the Balance\day24-It Hangs in the Balance.csproj", "{440D89B5-098C-46A2-845C-4646A82CBEFA}"
EndProject
Project("{FAE04EC0-301F-11D3-BF4B-00C04F79EFBC}") = "day25-Let It Snow", "2015\day25-Let It Snow\day25-Let It Snow.csproj", "{47260E7D-C566-404B-BB7C-7433ED23772D}"
EndProject
Project("{2150E333-8FDC-42A3-9474-1A3956D46DE8}") = "2016", "2016", "{CE152D5C-389C-496A-B17F-A92D4EC8BABF}"
EndProject
Project("{FAE04EC0-301F-11D3-BF4B-00C04F79EFBC}") = "day02-Bathroom Security", "2016\day02-Bathroom Security\day02-Bathroom Security.csproj", "{884682EA-DC4D-4C26-9A2D-2A745FA87615}"
EndProject
Project("{FAE04EC0-301F-11D3-BF4B-00C04F79EFBC}") = "day01-No Time for a Taxicab", "2016\day01-No Time for a Taxicab\day01-No Time for a Taxicab.csproj", "{CFEA32D1-CD43-4121-AF78-6EDCBD97B767}"
EndProject
Project("{FAE04EC0-301F-11D3-BF4B-00C04F79EFBC}") = "day03-Squares With Three Sides", "2016\day03-Squares With Three Sides\day03-Squares With Three Sides.csproj", "{90A470DC-15F6-4BF7-ACE0-559F6FEEC58C}"
EndProject
Project("{FAE04EC0-301F-11D3-BF4B-00C04F79EFBC}") = "day04-Security Through Obscurity", "2016\day04-Security Through Obscurity\day04-Security Through Obscurity.csproj", "{20155E78-C731-41C8-80F8-47F328D322FA}"
EndProject
Project("{FAE04EC0-301F-11D3-BF4B-00C04F79EFBC}") = "day05-How About a Nice Game of Chess", "2016\day05-How About a Nice Game of Chess\day05-How About a Nice Game of Chess.csproj", "{48B7C523-5672-4CDC-A3A6-6103E4BED1E7}"
EndProject
Project("{FAE04EC0-301F-11D3-BF4B-00C04F79EFBC}") = "day06-Signals and Noise", "2016\day06-Signals and Noise\day06-Signals and Noise.csproj", "{867E3240-AFB7-467A-AF53-11CCCA765BD8}"
EndProject
Project("{FAE04EC0-301F-11D3-BF4B-00C04F79EFBC}") = "day07-Internet Protocol Version 7", "2016\day07-Internet Protocol Version 7\day07-Internet Protocol Version 7.csproj", "{72209FFC-F6EB-40B4-B4B3-CE25CD53CF55}"
EndProject
Project("{FAE04EC0-301F-11D3-BF4B-00C04F79EFBC}") = "day08-Two-Factor Authentication", "2016\day08-Two-Factor Authentication\day08-Two-Factor Authentication.csproj", "{47AE610A-41C1-4971-971C-8BC48E43EEDC}"
EndProject
Project("{FAE04EC0-301F-11D3-BF4B-00C04F79EFBC}") = "day09-Explosives in Cyberspace", "2016\day09-Explosives in Cyberspace\day09-Explosives in Cyberspace.csproj", "{32516BC9-240B-44C2-8C8F-F1C63AC7C3EA}"
EndProject
Project("{FAE04EC0-301F-11D3-BF4B-00C04F79EFBC}") = "day10-Balance Bots", "2016\day10-Balance Bots\day10-Balance Bots.csproj", "{E746D5B1-F161-49BC-9359-151E5B64101B}"
EndProject
Project("{FAE04EC0-301F-11D3-BF4B-00C04F79EFBC}") = "day11-Radioisotope Thermoelectric Generators", "2016\day11-Radioisotope Thermoelectric Generators\day11-Radioisotope Thermoelectric Generators.csproj", "{53733B05-3682-4F2C-804F-3B540CE917A6}"
EndProject
Project("{FAE04EC0-301F-11D3-BF4B-00C04F79EFBC}") = "day12-Leonardos Monorail", "2016\day12-Leonardos Monorail\day12-Leonardos Monorail.csproj", "{A2030BC3-5E4D-4A9A-84BD-A2FDB9620F3A}"
EndProject
Project("{FAE04EC0-301F-11D3-BF4B-00C04F79EFBC}") = "day13-A Maze of Twisty Little Cubicles", "2016\day13-A Maze of Twisty Little Cubicles\day13-A Maze of Twisty Little Cubicles.csproj", "{BA3B166D-F8E7-4E61-B316-A1E57A7D3EA6}"
EndProject
Project("{FAE04EC0-301F-11D3-BF4B-00C04F79EFBC}") = "day14-One-Time Pad", "2016\day14-One-Time Pad\day14-One-Time Pad.csproj", "{6D5FA1B0-12D2-49A2-9BF8-22560F40DA8A}"
EndProject
Project("{FAE04EC0-301F-11D3-BF4B-00C04F79EFBC}") = "day15-Timing is Everything", "2016\day15-Timing is Everything\day15-Timing is Everything.csproj", "{8AA860EA-DC43-4FD6-9095-036268550906}"
EndProject
Project("{FAE04EC0-301F-11D3-BF4B-00C04F79EFBC}") = "day16-Dragon Checksum", "2016\day16-Dragon Checksum\day16-Dragon Checksum.csproj", "{B0FFABD3-0914-4B4A-879B-D360B57AB9E6}"
EndProject
Project("{FAE04EC0-301F-11D3-BF4B-00C04F79EFBC}") = "day17-Two Steps Forward", "2016\day17-Two Steps Forward\day17-Two Steps Forward.csproj", "{7CA132B7-10DE-45D5-8769-617AC9D93644}"
EndProject
Project("{FAE04EC0-301F-11D3-BF4B-00C04F79EFBC}") = "day18-Like a Rogue", "2016\day18-Like a Rogue\day18-Like a Rogue.csproj", "{888CFEB3-CBCD-48DE-A230-FC060C8B7F08}"
EndProject
Project("{FAE04EC0-301F-11D3-BF4B-00C04F79EFBC}") = "day19-An Elephant Named Joseph", "2016\day19-An Elephant Named Joseph\day19-An Elephant Named Joseph.csproj", "{3FB6B204-F778-43EF-9FE7-A970D720348F}"
EndProject
Project("{FAE04EC0-301F-11D3-BF4B-00C04F79EFBC}") = "day20-Firewall Rules", "2016\day20-Firewall Rules\day20-Firewall Rules.csproj", "{F93DD9CD-2BE1-4BAA-9590-919617AB8B6C}"
EndProject
Global
	GlobalSection(SolutionConfigurationPlatforms) = preSolution
		Debug|Any CPU = Debug|Any CPU
		Release|Any CPU = Release|Any CPU
	EndGlobalSection
	GlobalSection(ProjectConfigurationPlatforms) = postSolution
		{AF89AD60-B316-4A3F-BEA5-A77DC6717817}.Debug|Any CPU.ActiveCfg = Debug|Any CPU
		{AF89AD60-B316-4A3F-BEA5-A77DC6717817}.Debug|Any CPU.Build.0 = Debug|Any CPU
		{AF89AD60-B316-4A3F-BEA5-A77DC6717817}.Release|Any CPU.ActiveCfg = Release|Any CPU
		{AF89AD60-B316-4A3F-BEA5-A77DC6717817}.Release|Any CPU.Build.0 = Release|Any CPU
		{A9474A36-F8A4-4324-90A7-C3A63EE29089}.Debug|Any CPU.ActiveCfg = Debug|Any CPU
		{A9474A36-F8A4-4324-90A7-C3A63EE29089}.Debug|Any CPU.Build.0 = Debug|Any CPU
		{A9474A36-F8A4-4324-90A7-C3A63EE29089}.Release|Any CPU.ActiveCfg = Release|Any CPU
		{A9474A36-F8A4-4324-90A7-C3A63EE29089}.Release|Any CPU.Build.0 = Release|Any CPU
		{F4C4953B-68E8-4AEC-88BB-880D1B900B0D}.Debug|Any CPU.ActiveCfg = Debug|Any CPU
		{F4C4953B-68E8-4AEC-88BB-880D1B900B0D}.Debug|Any CPU.Build.0 = Debug|Any CPU
		{F4C4953B-68E8-4AEC-88BB-880D1B900B0D}.Release|Any CPU.ActiveCfg = Release|Any CPU
		{F4C4953B-68E8-4AEC-88BB-880D1B900B0D}.Release|Any CPU.Build.0 = Release|Any CPU
		{38369FF7-9C92-4F03-B2DD-C0CA8C6FD57B}.Debug|Any CPU.ActiveCfg = Debug|Any CPU
		{38369FF7-9C92-4F03-B2DD-C0CA8C6FD57B}.Debug|Any CPU.Build.0 = Debug|Any CPU
		{38369FF7-9C92-4F03-B2DD-C0CA8C6FD57B}.Release|Any CPU.ActiveCfg = Release|Any CPU
		{38369FF7-9C92-4F03-B2DD-C0CA8C6FD57B}.Release|Any CPU.Build.0 = Release|Any CPU
		{2735488B-B151-4C97-89F7-9CB42D36BB14}.Debug|Any CPU.ActiveCfg = Debug|Any CPU
		{2735488B-B151-4C97-89F7-9CB42D36BB14}.Debug|Any CPU.Build.0 = Debug|Any CPU
		{2735488B-B151-4C97-89F7-9CB42D36BB14}.Release|Any CPU.ActiveCfg = Release|Any CPU
		{2735488B-B151-4C97-89F7-9CB42D36BB14}.Release|Any CPU.Build.0 = Release|Any CPU
		{8E58A447-8157-49F1-A847-75A73A91B0FC}.Debug|Any CPU.ActiveCfg = Debug|Any CPU
		{8E58A447-8157-49F1-A847-75A73A91B0FC}.Debug|Any CPU.Build.0 = Debug|Any CPU
		{8E58A447-8157-49F1-A847-75A73A91B0FC}.Release|Any CPU.ActiveCfg = Release|Any CPU
		{8E58A447-8157-49F1-A847-75A73A91B0FC}.Release|Any CPU.Build.0 = Release|Any CPU
		{1BDB8BAF-EDAE-436F-8919-70DB8CE6A562}.Debug|Any CPU.ActiveCfg = Debug|Any CPU
		{1BDB8BAF-EDAE-436F-8919-70DB8CE6A562}.Debug|Any CPU.Build.0 = Debug|Any CPU
		{1BDB8BAF-EDAE-436F-8919-70DB8CE6A562}.Release|Any CPU.ActiveCfg = Release|Any CPU
		{1BDB8BAF-EDAE-436F-8919-70DB8CE6A562}.Release|Any CPU.Build.0 = Release|Any CPU
		{28D3D919-0F42-4E43-934A-07D725EB4254}.Debug|Any CPU.ActiveCfg = Debug|Any CPU
		{28D3D919-0F42-4E43-934A-07D725EB4254}.Debug|Any CPU.Build.0 = Debug|Any CPU
		{28D3D919-0F42-4E43-934A-07D725EB4254}.Release|Any CPU.ActiveCfg = Release|Any CPU
		{28D3D919-0F42-4E43-934A-07D725EB4254}.Release|Any CPU.Build.0 = Release|Any CPU
		{C6A2D240-9B63-4542-85B5-DD59302C07B6}.Debug|Any CPU.ActiveCfg = Debug|Any CPU
		{C6A2D240-9B63-4542-85B5-DD59302C07B6}.Debug|Any CPU.Build.0 = Debug|Any CPU
		{C6A2D240-9B63-4542-85B5-DD59302C07B6}.Release|Any CPU.ActiveCfg = Release|Any CPU
		{C6A2D240-9B63-4542-85B5-DD59302C07B6}.Release|Any CPU.Build.0 = Release|Any CPU
		{85B24650-B82A-4D48-A8D4-3D2E57939B58}.Debug|Any CPU.ActiveCfg = Debug|Any CPU
		{85B24650-B82A-4D48-A8D4-3D2E57939B58}.Debug|Any CPU.Build.0 = Debug|Any CPU
		{85B24650-B82A-4D48-A8D4-3D2E57939B58}.Release|Any CPU.ActiveCfg = Release|Any CPU
		{85B24650-B82A-4D48-A8D4-3D2E57939B58}.Release|Any CPU.Build.0 = Release|Any CPU
		{FBB581F2-1A3C-4274-BAB8-EF39639E9226}.Debug|Any CPU.ActiveCfg = Debug|Any CPU
		{FBB581F2-1A3C-4274-BAB8-EF39639E9226}.Debug|Any CPU.Build.0 = Debug|Any CPU
		{FBB581F2-1A3C-4274-BAB8-EF39639E9226}.Release|Any CPU.ActiveCfg = Release|Any CPU
		{FBB581F2-1A3C-4274-BAB8-EF39639E9226}.Release|Any CPU.Build.0 = Release|Any CPU
		{CE79C59B-6ABF-44FF-8DE6-AACEC852A76A}.Debug|Any CPU.ActiveCfg = Debug|Any CPU
		{CE79C59B-6ABF-44FF-8DE6-AACEC852A76A}.Debug|Any CPU.Build.0 = Debug|Any CPU
		{CE79C59B-6ABF-44FF-8DE6-AACEC852A76A}.Release|Any CPU.ActiveCfg = Release|Any CPU
		{CE79C59B-6ABF-44FF-8DE6-AACEC852A76A}.Release|Any CPU.Build.0 = Release|Any CPU
		{43A0E69F-6D5C-4433-A26D-EAE1284F8782}.Debug|Any CPU.ActiveCfg = Debug|Any CPU
		{43A0E69F-6D5C-4433-A26D-EAE1284F8782}.Debug|Any CPU.Build.0 = Debug|Any CPU
		{43A0E69F-6D5C-4433-A26D-EAE1284F8782}.Release|Any CPU.ActiveCfg = Release|Any CPU
		{43A0E69F-6D5C-4433-A26D-EAE1284F8782}.Release|Any CPU.Build.0 = Release|Any CPU
		{FF0A138F-F322-48D5-B7DC-7BBC2DBC7849}.Debug|Any CPU.ActiveCfg = Debug|Any CPU
		{FF0A138F-F322-48D5-B7DC-7BBC2DBC7849}.Debug|Any CPU.Build.0 = Debug|Any CPU
		{FF0A138F-F322-48D5-B7DC-7BBC2DBC7849}.Release|Any CPU.ActiveCfg = Release|Any CPU
		{FF0A138F-F322-48D5-B7DC-7BBC2DBC7849}.Release|Any CPU.Build.0 = Release|Any CPU
		{119CE943-868B-4576-AA09-A49653F2248B}.Debug|Any CPU.ActiveCfg = Debug|Any CPU
		{119CE943-868B-4576-AA09-A49653F2248B}.Debug|Any CPU.Build.0 = Debug|Any CPU
		{119CE943-868B-4576-AA09-A49653F2248B}.Release|Any CPU.ActiveCfg = Release|Any CPU
		{119CE943-868B-4576-AA09-A49653F2248B}.Release|Any CPU.Build.0 = Release|Any CPU
		{66EA5FDA-14EE-4B49-8E26-9D5B466A27EA}.Debug|Any CPU.ActiveCfg = Debug|Any CPU
		{66EA5FDA-14EE-4B49-8E26-9D5B466A27EA}.Debug|Any CPU.Build.0 = Debug|Any CPU
		{66EA5FDA-14EE-4B49-8E26-9D5B466A27EA}.Release|Any CPU.ActiveCfg = Release|Any CPU
		{66EA5FDA-14EE-4B49-8E26-9D5B466A27EA}.Release|Any CPU.Build.0 = Release|Any CPU
		{94A63261-F36C-4122-A124-109DA967C546}.Debug|Any CPU.ActiveCfg = Debug|Any CPU
		{94A63261-F36C-4122-A124-109DA967C546}.Debug|Any CPU.Build.0 = Debug|Any CPU
		{94A63261-F36C-4122-A124-109DA967C546}.Release|Any CPU.ActiveCfg = Release|Any CPU
		{94A63261-F36C-4122-A124-109DA967C546}.Release|Any CPU.Build.0 = Release|Any CPU
		{7F02A6B1-9BF6-4CA4-B8E5-CA0E7345335A}.Debug|Any CPU.ActiveCfg = Debug|Any CPU
		{7F02A6B1-9BF6-4CA4-B8E5-CA0E7345335A}.Debug|Any CPU.Build.0 = Debug|Any CPU
		{7F02A6B1-9BF6-4CA4-B8E5-CA0E7345335A}.Release|Any CPU.ActiveCfg = Release|Any CPU
		{7F02A6B1-9BF6-4CA4-B8E5-CA0E7345335A}.Release|Any CPU.Build.0 = Release|Any CPU
		{319AA016-9619-44CC-AC12-34DBFF2A664A}.Debug|Any CPU.ActiveCfg = Debug|Any CPU
		{319AA016-9619-44CC-AC12-34DBFF2A664A}.Debug|Any CPU.Build.0 = Debug|Any CPU
		{319AA016-9619-44CC-AC12-34DBFF2A664A}.Release|Any CPU.ActiveCfg = Release|Any CPU
		{319AA016-9619-44CC-AC12-34DBFF2A664A}.Release|Any CPU.Build.0 = Release|Any CPU
		{758D1788-D2A7-4291-BDDB-08AFAFB7A97D}.Debug|Any CPU.ActiveCfg = Debug|Any CPU
		{758D1788-D2A7-4291-BDDB-08AFAFB7A97D}.Debug|Any CPU.Build.0 = Debug|Any CPU
		{758D1788-D2A7-4291-BDDB-08AFAFB7A97D}.Release|Any CPU.ActiveCfg = Release|Any CPU
		{758D1788-D2A7-4291-BDDB-08AFAFB7A97D}.Release|Any CPU.Build.0 = Release|Any CPU
		{C18F1543-9F60-4032-B5DE-3AA801E9D3B9}.Debug|Any CPU.ActiveCfg = Debug|Any CPU
		{C18F1543-9F60-4032-B5DE-3AA801E9D3B9}.Debug|Any CPU.Build.0 = Debug|Any CPU
		{C18F1543-9F60-4032-B5DE-3AA801E9D3B9}.Release|Any CPU.ActiveCfg = Release|Any CPU
		{C18F1543-9F60-4032-B5DE-3AA801E9D3B9}.Release|Any CPU.Build.0 = Release|Any CPU
		{6C04E756-3955-46D2-B15C-6F3996DE011B}.Debug|Any CPU.ActiveCfg = Debug|Any CPU
		{6C04E756-3955-46D2-B15C-6F3996DE011B}.Debug|Any CPU.Build.0 = Debug|Any CPU
		{6C04E756-3955-46D2-B15C-6F3996DE011B}.Release|Any CPU.ActiveCfg = Release|Any CPU
		{6C04E756-3955-46D2-B15C-6F3996DE011B}.Release|Any CPU.Build.0 = Release|Any CPU
		{E6B2D460-FDFC-46EB-9E61-5F62C31D1CB4}.Debug|Any CPU.ActiveCfg = Debug|Any CPU
		{E6B2D460-FDFC-46EB-9E61-5F62C31D1CB4}.Debug|Any CPU.Build.0 = Debug|Any CPU
		{E6B2D460-FDFC-46EB-9E61-5F62C31D1CB4}.Release|Any CPU.ActiveCfg = Release|Any CPU
		{E6B2D460-FDFC-46EB-9E61-5F62C31D1CB4}.Release|Any CPU.Build.0 = Release|Any CPU
		{8FF8531C-CD15-4A07-8E6F-CAC3BF28383C}.Debug|Any CPU.ActiveCfg = Debug|Any CPU
		{8FF8531C-CD15-4A07-8E6F-CAC3BF28383C}.Debug|Any CPU.Build.0 = Debug|Any CPU
		{8FF8531C-CD15-4A07-8E6F-CAC3BF28383C}.Release|Any CPU.ActiveCfg = Release|Any CPU
		{8FF8531C-CD15-4A07-8E6F-CAC3BF28383C}.Release|Any CPU.Build.0 = Release|Any CPU
		{0086B110-CE33-4CE1-A723-D456280E1442}.Debug|Any CPU.ActiveCfg = Debug|Any CPU
		{0086B110-CE33-4CE1-A723-D456280E1442}.Debug|Any CPU.Build.0 = Debug|Any CPU
		{0086B110-CE33-4CE1-A723-D456280E1442}.Release|Any CPU.ActiveCfg = Release|Any CPU
		{0086B110-CE33-4CE1-A723-D456280E1442}.Release|Any CPU.Build.0 = Release|Any CPU
		{EE1D8125-336E-4ECD-9EBF-1784954C35E5}.Debug|Any CPU.ActiveCfg = Debug|Any CPU
		{EE1D8125-336E-4ECD-9EBF-1784954C35E5}.Debug|Any CPU.Build.0 = Debug|Any CPU
		{EE1D8125-336E-4ECD-9EBF-1784954C35E5}.Release|Any CPU.ActiveCfg = Release|Any CPU
		{EE1D8125-336E-4ECD-9EBF-1784954C35E5}.Release|Any CPU.Build.0 = Release|Any CPU
		{FB6C58A3-46E1-4D27-87FB-61B13314D90C}.Debug|Any CPU.ActiveCfg = Debug|Any CPU
		{FB6C58A3-46E1-4D27-87FB-61B13314D90C}.Debug|Any CPU.Build.0 = Debug|Any CPU
		{FB6C58A3-46E1-4D27-87FB-61B13314D90C}.Release|Any CPU.ActiveCfg = Release|Any CPU
		{FB6C58A3-46E1-4D27-87FB-61B13314D90C}.Release|Any CPU.Build.0 = Release|Any CPU
		{DF32F3ED-9803-494C-9E3F-3C93C0092013}.Debug|Any CPU.ActiveCfg = Debug|Any CPU
		{DF32F3ED-9803-494C-9E3F-3C93C0092013}.Debug|Any CPU.Build.0 = Debug|Any CPU
		{DF32F3ED-9803-494C-9E3F-3C93C0092013}.Release|Any CPU.ActiveCfg = Release|Any CPU
		{DF32F3ED-9803-494C-9E3F-3C93C0092013}.Release|Any CPU.Build.0 = Release|Any CPU
		{B2B92E4C-A9F2-4612-A0D9-EAB3CC203194}.Debug|Any CPU.ActiveCfg = Debug|Any CPU
		{B2B92E4C-A9F2-4612-A0D9-EAB3CC203194}.Debug|Any CPU.Build.0 = Debug|Any CPU
		{B2B92E4C-A9F2-4612-A0D9-EAB3CC203194}.Release|Any CPU.ActiveCfg = Release|Any CPU
		{B2B92E4C-A9F2-4612-A0D9-EAB3CC203194}.Release|Any CPU.Build.0 = Release|Any CPU
		{A6AB899F-7EF8-4782-98E7-076F61D36BEC}.Debug|Any CPU.ActiveCfg = Debug|Any CPU
		{A6AB899F-7EF8-4782-98E7-076F61D36BEC}.Debug|Any CPU.Build.0 = Debug|Any CPU
		{A6AB899F-7EF8-4782-98E7-076F61D36BEC}.Release|Any CPU.ActiveCfg = Release|Any CPU
		{A6AB899F-7EF8-4782-98E7-076F61D36BEC}.Release|Any CPU.Build.0 = Release|Any CPU
		{4981F71D-C845-4D20-AB65-B433764F9548}.Debug|Any CPU.ActiveCfg = Debug|Any CPU
		{4981F71D-C845-4D20-AB65-B433764F9548}.Debug|Any CPU.Build.0 = Debug|Any CPU
		{4981F71D-C845-4D20-AB65-B433764F9548}.Release|Any CPU.ActiveCfg = Release|Any CPU
		{4981F71D-C845-4D20-AB65-B433764F9548}.Release|Any CPU.Build.0 = Release|Any CPU
		{10E4BA6F-D06E-43FA-93C7-E1C1E4942B0D}.Debug|Any CPU.ActiveCfg = Debug|Any CPU
		{10E4BA6F-D06E-43FA-93C7-E1C1E4942B0D}.Debug|Any CPU.Build.0 = Debug|Any CPU
		{10E4BA6F-D06E-43FA-93C7-E1C1E4942B0D}.Release|Any CPU.ActiveCfg = Release|Any CPU
		{10E4BA6F-D06E-43FA-93C7-E1C1E4942B0D}.Release|Any CPU.Build.0 = Release|Any CPU
		{FE32F14C-51B7-4B62-A503-1CE547D55088}.Debug|Any CPU.ActiveCfg = Debug|Any CPU
		{FE32F14C-51B7-4B62-A503-1CE547D55088}.Debug|Any CPU.Build.0 = Debug|Any CPU
		{FE32F14C-51B7-4B62-A503-1CE547D55088}.Release|Any CPU.ActiveCfg = Release|Any CPU
		{FE32F14C-51B7-4B62-A503-1CE547D55088}.Release|Any CPU.Build.0 = Release|Any CPU
		{7E25695C-0E56-401C-8FC3-1624CAC712D8}.Debug|Any CPU.ActiveCfg = Debug|Any CPU
		{7E25695C-0E56-401C-8FC3-1624CAC712D8}.Debug|Any CPU.Build.0 = Debug|Any CPU
		{7E25695C-0E56-401C-8FC3-1624CAC712D8}.Release|Any CPU.ActiveCfg = Release|Any CPU
		{7E25695C-0E56-401C-8FC3-1624CAC712D8}.Release|Any CPU.Build.0 = Release|Any CPU
		{7ECA634E-115A-4FBC-85A7-3C71A54F684F}.Debug|Any CPU.ActiveCfg = Debug|Any CPU
		{7ECA634E-115A-4FBC-85A7-3C71A54F684F}.Debug|Any CPU.Build.0 = Debug|Any CPU
		{7ECA634E-115A-4FBC-85A7-3C71A54F684F}.Release|Any CPU.ActiveCfg = Release|Any CPU
		{7ECA634E-115A-4FBC-85A7-3C71A54F684F}.Release|Any CPU.Build.0 = Release|Any CPU
		{440D89B5-098C-46A2-845C-4646A82CBEFA}.Debug|Any CPU.ActiveCfg = Debug|Any CPU
		{440D89B5-098C-46A2-845C-4646A82CBEFA}.Debug|Any CPU.Build.0 = Debug|Any CPU
		{440D89B5-098C-46A2-845C-4646A82CBEFA}.Release|Any CPU.ActiveCfg = Release|Any CPU
		{440D89B5-098C-46A2-845C-4646A82CBEFA}.Release|Any CPU.Build.0 = Release|Any CPU
		{47260E7D-C566-404B-BB7C-7433ED23772D}.Debug|Any CPU.ActiveCfg = Debug|Any CPU
		{47260E7D-C566-404B-BB7C-7433ED23772D}.Debug|Any CPU.Build.0 = Debug|Any CPU
		{47260E7D-C566-404B-BB7C-7433ED23772D}.Release|Any CPU.ActiveCfg = Release|Any CPU
		{47260E7D-C566-404B-BB7C-7433ED23772D}.Release|Any CPU.Build.0 = Release|Any CPU
		{884682EA-DC4D-4C26-9A2D-2A745FA87615}.Debug|Any CPU.ActiveCfg = Debug|Any CPU
		{884682EA-DC4D-4C26-9A2D-2A745FA87615}.Debug|Any CPU.Build.0 = Debug|Any CPU
		{884682EA-DC4D-4C26-9A2D-2A745FA87615}.Release|Any CPU.ActiveCfg = Release|Any CPU
		{884682EA-DC4D-4C26-9A2D-2A745FA87615}.Release|Any CPU.Build.0 = Release|Any CPU
		{CFEA32D1-CD43-4121-AF78-6EDCBD97B767}.Debug|Any CPU.ActiveCfg = Debug|Any CPU
		{CFEA32D1-CD43-4121-AF78-6EDCBD97B767}.Debug|Any CPU.Build.0 = Debug|Any CPU
		{CFEA32D1-CD43-4121-AF78-6EDCBD97B767}.Release|Any CPU.ActiveCfg = Release|Any CPU
		{CFEA32D1-CD43-4121-AF78-6EDCBD97B767}.Release|Any CPU.Build.0 = Release|Any CPU
		{90A470DC-15F6-4BF7-ACE0-559F6FEEC58C}.Debug|Any CPU.ActiveCfg = Debug|Any CPU
		{90A470DC-15F6-4BF7-ACE0-559F6FEEC58C}.Debug|Any CPU.Build.0 = Debug|Any CPU
		{90A470DC-15F6-4BF7-ACE0-559F6FEEC58C}.Release|Any CPU.ActiveCfg = Release|Any CPU
		{90A470DC-15F6-4BF7-ACE0-559F6FEEC58C}.Release|Any CPU.Build.0 = Release|Any CPU
		{20155E78-C731-41C8-80F8-47F328D322FA}.Debug|Any CPU.ActiveCfg = Debug|Any CPU
		{20155E78-C731-41C8-80F8-47F328D322FA}.Debug|Any CPU.Build.0 = Debug|Any CPU
		{20155E78-C731-41C8-80F8-47F328D322FA}.Release|Any CPU.ActiveCfg = Release|Any CPU
		{20155E78-C731-41C8-80F8-47F328D322FA}.Release|Any CPU.Build.0 = Release|Any CPU
		{48B7C523-5672-4CDC-A3A6-6103E4BED1E7}.Debug|Any CPU.ActiveCfg = Debug|Any CPU
		{48B7C523-5672-4CDC-A3A6-6103E4BED1E7}.Debug|Any CPU.Build.0 = Debug|Any CPU
		{48B7C523-5672-4CDC-A3A6-6103E4BED1E7}.Release|Any CPU.ActiveCfg = Release|Any CPU
		{48B7C523-5672-4CDC-A3A6-6103E4BED1E7}.Release|Any CPU.Build.0 = Release|Any CPU
		{867E3240-AFB7-467A-AF53-11CCCA765BD8}.Debug|Any CPU.ActiveCfg = Debug|Any CPU
		{867E3240-AFB7-467A-AF53-11CCCA765BD8}.Debug|Any CPU.Build.0 = Debug|Any CPU
		{867E3240-AFB7-467A-AF53-11CCCA765BD8}.Release|Any CPU.ActiveCfg = Release|Any CPU
		{867E3240-AFB7-467A-AF53-11CCCA765BD8}.Release|Any CPU.Build.0 = Release|Any CPU
		{72209FFC-F6EB-40B4-B4B3-CE25CD53CF55}.Debug|Any CPU.ActiveCfg = Debug|Any CPU
		{72209FFC-F6EB-40B4-B4B3-CE25CD53CF55}.Debug|Any CPU.Build.0 = Debug|Any CPU
		{72209FFC-F6EB-40B4-B4B3-CE25CD53CF55}.Release|Any CPU.ActiveCfg = Release|Any CPU
		{72209FFC-F6EB-40B4-B4B3-CE25CD53CF55}.Release|Any CPU.Build.0 = Release|Any CPU
		{47AE610A-41C1-4971-971C-8BC48E43EEDC}.Debug|Any CPU.ActiveCfg = Debug|Any CPU
		{47AE610A-41C1-4971-971C-8BC48E43EEDC}.Debug|Any CPU.Build.0 = Debug|Any CPU
		{47AE610A-41C1-4971-971C-8BC48E43EEDC}.Release|Any CPU.ActiveCfg = Release|Any CPU
		{47AE610A-41C1-4971-971C-8BC48E43EEDC}.Release|Any CPU.Build.0 = Release|Any CPU
		{32516BC9-240B-44C2-8C8F-F1C63AC7C3EA}.Debug|Any CPU.ActiveCfg = Debug|Any CPU
		{32516BC9-240B-44C2-8C8F-F1C63AC7C3EA}.Debug|Any CPU.Build.0 = Debug|Any CPU
		{32516BC9-240B-44C2-8C8F-F1C63AC7C3EA}.Release|Any CPU.ActiveCfg = Release|Any CPU
		{32516BC9-240B-44C2-8C8F-F1C63AC7C3EA}.Release|Any CPU.Build.0 = Release|Any CPU
		{E746D5B1-F161-49BC-9359-151E5B64101B}.Debug|Any CPU.ActiveCfg = Debug|Any CPU
		{E746D5B1-F161-49BC-9359-151E5B64101B}.Debug|Any CPU.Build.0 = Debug|Any CPU
		{E746D5B1-F161-49BC-9359-151E5B64101B}.Release|Any CPU.ActiveCfg = Release|Any CPU
		{E746D5B1-F161-49BC-9359-151E5B64101B}.Release|Any CPU.Build.0 = Release|Any CPU
		{53733B05-3682-4F2C-804F-3B540CE917A6}.Debug|Any CPU.ActiveCfg = Debug|Any CPU
		{53733B05-3682-4F2C-804F-3B540CE917A6}.Debug|Any CPU.Build.0 = Debug|Any CPU
		{53733B05-3682-4F2C-804F-3B540CE917A6}.Release|Any CPU.ActiveCfg = Release|Any CPU
		{53733B05-3682-4F2C-804F-3B540CE917A6}.Release|Any CPU.Build.0 = Release|Any CPU
		{A2030BC3-5E4D-4A9A-84BD-A2FDB9620F3A}.Debug|Any CPU.ActiveCfg = Debug|Any CPU
		{A2030BC3-5E4D-4A9A-84BD-A2FDB9620F3A}.Debug|Any CPU.Build.0 = Debug|Any CPU
		{A2030BC3-5E4D-4A9A-84BD-A2FDB9620F3A}.Release|Any CPU.ActiveCfg = Release|Any CPU
		{A2030BC3-5E4D-4A9A-84BD-A2FDB9620F3A}.Release|Any CPU.Build.0 = Release|Any CPU
		{BA3B166D-F8E7-4E61-B316-A1E57A7D3EA6}.Debug|Any CPU.ActiveCfg = Debug|Any CPU
		{BA3B166D-F8E7-4E61-B316-A1E57A7D3EA6}.Debug|Any CPU.Build.0 = Debug|Any CPU
		{BA3B166D-F8E7-4E61-B316-A1E57A7D3EA6}.Release|Any CPU.ActiveCfg = Release|Any CPU
		{BA3B166D-F8E7-4E61-B316-A1E57A7D3EA6}.Release|Any CPU.Build.0 = Release|Any CPU
		{6D5FA1B0-12D2-49A2-9BF8-22560F40DA8A}.Debug|Any CPU.ActiveCfg = Debug|Any CPU
		{6D5FA1B0-12D2-49A2-9BF8-22560F40DA8A}.Debug|Any CPU.Build.0 = Debug|Any CPU
		{6D5FA1B0-12D2-49A2-9BF8-22560F40DA8A}.Release|Any CPU.ActiveCfg = Release|Any CPU
		{6D5FA1B0-12D2-49A2-9BF8-22560F40DA8A}.Release|Any CPU.Build.0 = Release|Any CPU
		{8AA860EA-DC43-4FD6-9095-036268550906}.Debug|Any CPU.ActiveCfg = Debug|Any CPU
		{8AA860EA-DC43-4FD6-9095-036268550906}.Debug|Any CPU.Build.0 = Debug|Any CPU
		{8AA860EA-DC43-4FD6-9095-036268550906}.Release|Any CPU.ActiveCfg = Release|Any CPU
		{8AA860EA-DC43-4FD6-9095-036268550906}.Release|Any CPU.Build.0 = Release|Any CPU
		{B0FFABD3-0914-4B4A-879B-D360B57AB9E6}.Debug|Any CPU.ActiveCfg = Debug|Any CPU
		{B0FFABD3-0914-4B4A-879B-D360B57AB9E6}.Debug|Any CPU.Build.0 = Debug|Any CPU
		{B0FFABD3-0914-4B4A-879B-D360B57AB9E6}.Release|Any CPU.ActiveCfg = Release|Any CPU
		{B0FFABD3-0914-4B4A-879B-D360B57AB9E6}.Release|Any CPU.Build.0 = Release|Any CPU
		{7CA132B7-10DE-45D5-8769-617AC9D93644}.Debug|Any CPU.ActiveCfg = Debug|Any CPU
		{7CA132B7-10DE-45D5-8769-617AC9D93644}.Debug|Any CPU.Build.0 = Debug|Any CPU
		{7CA132B7-10DE-45D5-8769-617AC9D93644}.Release|Any CPU.ActiveCfg = Release|Any CPU
		{7CA132B7-10DE-45D5-8769-617AC9D93644}.Release|Any CPU.Build.0 = Release|Any CPU
		{888CFEB3-CBCD-48DE-A230-FC060C8B7F08}.Debug|Any CPU.ActiveCfg = Debug|Any CPU
		{888CFEB3-CBCD-48DE-A230-FC060C8B7F08}.Debug|Any CPU.Build.0 = Debug|Any CPU
		{888CFEB3-CBCD-48DE-A230-FC060C8B7F08}.Release|Any CPU.ActiveCfg = Release|Any CPU
		{888CFEB3-CBCD-48DE-A230-FC060C8B7F08}.Release|Any CPU.Build.0 = Release|Any CPU
		{3FB6B204-F778-43EF-9FE7-A970D720348F}.Debug|Any CPU.ActiveCfg = Debug|Any CPU
		{3FB6B204-F778-43EF-9FE7-A970D720348F}.Debug|Any CPU.Build.0 = Debug|Any CPU
		{3FB6B204-F778-43EF-9FE7-A970D720348F}.Release|Any CPU.ActiveCfg = Release|Any CPU
		{3FB6B204-F778-43EF-9FE7-A970D720348F}.Release|Any CPU.Build.0 = Release|Any CPU
		{F93DD9CD-2BE1-4BAA-9590-919617AB8B6C}.Debug|Any CPU.ActiveCfg = Debug|Any CPU
		{F93DD9CD-2BE1-4BAA-9590-919617AB8B6C}.Debug|Any CPU.Build.0 = Debug|Any CPU
		{F93DD9CD-2BE1-4BAA-9590-919617AB8B6C}.Release|Any CPU.ActiveCfg = Release|Any CPU
		{F93DD9CD-2BE1-4BAA-9590-919617AB8B6C}.Release|Any CPU.Build.0 = Release|Any CPU
	EndGlobalSection
	GlobalSection(NestedProjects) = preSolution
		{AF89AD60-B316-4A3F-BEA5-A77DC6717817} = {C46D5B93-69BC-45CA-95F3-7014122DEEA1}
		{A9474A36-F8A4-4324-90A7-C3A63EE29089} = {C46D5B93-69BC-45CA-95F3-7014122DEEA1}
		{F4C4953B-68E8-4AEC-88BB-880D1B900B0D} = {C46D5B93-69BC-45CA-95F3-7014122DEEA1}
		{38369FF7-9C92-4F03-B2DD-C0CA8C6FD57B} = {C46D5B93-69BC-45CA-95F3-7014122DEEA1}
		{2735488B-B151-4C97-89F7-9CB42D36BB14} = {C46D5B93-69BC-45CA-95F3-7014122DEEA1}
		{8E58A447-8157-49F1-A847-75A73A91B0FC} = {C46D5B93-69BC-45CA-95F3-7014122DEEA1}
		{1BDB8BAF-EDAE-436F-8919-70DB8CE6A562} = {C46D5B93-69BC-45CA-95F3-7014122DEEA1}
		{28D3D919-0F42-4E43-934A-07D725EB4254} = {C46D5B93-69BC-45CA-95F3-7014122DEEA1}
		{C6A2D240-9B63-4542-85B5-DD59302C07B6} = {C46D5B93-69BC-45CA-95F3-7014122DEEA1}
		{85B24650-B82A-4D48-A8D4-3D2E57939B58} = {C46D5B93-69BC-45CA-95F3-7014122DEEA1}
		{FBB581F2-1A3C-4274-BAB8-EF39639E9226} = {C46D5B93-69BC-45CA-95F3-7014122DEEA1}
		{CE79C59B-6ABF-44FF-8DE6-AACEC852A76A} = {C46D5B93-69BC-45CA-95F3-7014122DEEA1}
		{43A0E69F-6D5C-4433-A26D-EAE1284F8782} = {8DCDC2E1-DCAD-43EC-BD17-0D2F8916B67B}
		{FF0A138F-F322-48D5-B7DC-7BBC2DBC7849} = {8DCDC2E1-DCAD-43EC-BD17-0D2F8916B67B}
		{119CE943-868B-4576-AA09-A49653F2248B} = {8DCDC2E1-DCAD-43EC-BD17-0D2F8916B67B}
		{66EA5FDA-14EE-4B49-8E26-9D5B466A27EA} = {8DCDC2E1-DCAD-43EC-BD17-0D2F8916B67B}
		{94A63261-F36C-4122-A124-109DA967C546} = {8DCDC2E1-DCAD-43EC-BD17-0D2F8916B67B}
		{7F02A6B1-9BF6-4CA4-B8E5-CA0E7345335A} = {8DCDC2E1-DCAD-43EC-BD17-0D2F8916B67B}
		{319AA016-9619-44CC-AC12-34DBFF2A664A} = {8DCDC2E1-DCAD-43EC-BD17-0D2F8916B67B}
		{758D1788-D2A7-4291-BDDB-08AFAFB7A97D} = {8DCDC2E1-DCAD-43EC-BD17-0D2F8916B67B}
		{C18F1543-9F60-4032-B5DE-3AA801E9D3B9} = {8DCDC2E1-DCAD-43EC-BD17-0D2F8916B67B}
		{6C04E756-3955-46D2-B15C-6F3996DE011B} = {8DCDC2E1-DCAD-43EC-BD17-0D2F8916B67B}
		{E6B2D460-FDFC-46EB-9E61-5F62C31D1CB4} = {8DCDC2E1-DCAD-43EC-BD17-0D2F8916B67B}
		{8FF8531C-CD15-4A07-8E6F-CAC3BF28383C} = {8DCDC2E1-DCAD-43EC-BD17-0D2F8916B67B}
		{0086B110-CE33-4CE1-A723-D456280E1442} = {8DCDC2E1-DCAD-43EC-BD17-0D2F8916B67B}
		{EE1D8125-336E-4ECD-9EBF-1784954C35E5} = {8DCDC2E1-DCAD-43EC-BD17-0D2F8916B67B}
		{FB6C58A3-46E1-4D27-87FB-61B13314D90C} = {8DCDC2E1-DCAD-43EC-BD17-0D2F8916B67B}
		{DF32F3ED-9803-494C-9E3F-3C93C0092013} = {8DCDC2E1-DCAD-43EC-BD17-0D2F8916B67B}
		{B2B92E4C-A9F2-4612-A0D9-EAB3CC203194} = {8DCDC2E1-DCAD-43EC-BD17-0D2F8916B67B}
		{A6AB899F-7EF8-4782-98E7-076F61D36BEC} = {8DCDC2E1-DCAD-43EC-BD17-0D2F8916B67B}
		{4981F71D-C845-4D20-AB65-B433764F9548} = {8DCDC2E1-DCAD-43EC-BD17-0D2F8916B67B}
		{10E4BA6F-D06E-43FA-93C7-E1C1E4942B0D} = {8DCDC2E1-DCAD-43EC-BD17-0D2F8916B67B}
		{FE32F14C-51B7-4B62-A503-1CE547D55088} = {8DCDC2E1-DCAD-43EC-BD17-0D2F8916B67B}
		{7E25695C-0E56-401C-8FC3-1624CAC712D8} = {8DCDC2E1-DCAD-43EC-BD17-0D2F8916B67B}
		{7ECA634E-115A-4FBC-85A7-3C71A54F684F} = {8DCDC2E1-DCAD-43EC-BD17-0D2F8916B67B}
		{440D89B5-098C-46A2-845C-4646A82CBEFA} = {8DCDC2E1-DCAD-43EC-BD17-0D2F8916B67B}
		{47260E7D-C566-404B-BB7C-7433ED23772D} = {8DCDC2E1-DCAD-43EC-BD17-0D2F8916B67B}
		{884682EA-DC4D-4C26-9A2D-2A745FA87615} = {CE152D5C-389C-496A-B17F-A92D4EC8BABF}
		{CFEA32D1-CD43-4121-AF78-6EDCBD97B767} = {CE152D5C-389C-496A-B17F-A92D4EC8BABF}
		{90A470DC-15F6-4BF7-ACE0-559F6FEEC58C} = {CE152D5C-389C-496A-B17F-A92D4EC8BABF}
		{20155E78-C731-41C8-80F8-47F328D322FA} = {CE152D5C-389C-496A-B17F-A92D4EC8BABF}
		{48B7C523-5672-4CDC-A3A6-6103E4BED1E7} = {CE152D5C-389C-496A-B17F-A92D4EC8BABF}
		{867E3240-AFB7-467A-AF53-11CCCA765BD8} = {CE152D5C-389C-496A-B17F-A92D4EC8BABF}
		{72209FFC-F6EB-40B4-B4B3-CE25CD53CF55} = {CE152D5C-389C-496A-B17F-A92D4EC8BABF}
		{47AE610A-41C1-4971-971C-8BC48E43EEDC} = {CE152D5C-389C-496A-B17F-A92D4EC8BABF}
		{32516BC9-240B-44C2-8C8F-F1C63AC7C3EA} = {CE152D5C-389C-496A-B17F-A92D4EC8BABF}
		{E746D5B1-F161-49BC-9359-151E5B64101B} = {CE152D5C-389C-496A-B17F-A92D4EC8BABF}
		{53733B05-3682-4F2C-804F-3B540CE917A6} = {CE152D5C-389C-496A-B17F-A92D4EC8BABF}
		{A2030BC3-5E4D-4A9A-84BD-A2FDB9620F3A} = {CE152D5C-389C-496A-B17F-A92D4EC8BABF}
		{BA3B166D-F8E7-4E61-B316-A1E57A7D3EA6} = {CE152D5C-389C-496A-B17F-A92D4EC8BABF}
		{6D5FA1B0-12D2-49A2-9BF8-22560F40DA8A} = {CE152D5C-389C-496A-B17F-A92D4EC8BABF}
		{8AA860EA-DC43-4FD6-9095-036268550906} = {CE152D5C-389C-496A-B17F-A92D4EC8BABF}
		{B0FFABD3-0914-4B4A-879B-D360B57AB9E6} = {CE152D5C-389C-496A-B17F-A92D4EC8BABF}
		{7CA132B7-10DE-45D5-8769-617AC9D93644} = {CE152D5C-389C-496A-B17F-A92D4EC8BABF}
		{888CFEB3-CBCD-48DE-A230-FC060C8B7F08} = {CE152D5C-389C-496A-B17F-A92D4EC8BABF}
		{3FB6B204-F778-43EF-9FE7-A970D720348F} = {CE152D5C-389C-496A-B17F-A92D4EC8BABF}
		{F93DD9CD-2BE1-4BAA-9590-919617AB8B6C} = {CE152D5C-389C-496A-B17F-A92D4EC8BABF}
	EndGlobalSection
EndGlobal
