
Microsoft Visual Studio Solution File, Format Version 12.00
Project("{FAE04EC0-301F-11D3-BF4B-00C04F79EFBC}") = "day1", "day1\day1.csproj", "{AF89AD60-B316-4A3F-BEA5-A77DC6717817}"
EndProject
Project("{FAE04EC0-301F-11D3-BF4B-00C04F79EFBC}") = "day2", "day2\day2.csproj", "{A9474A36-F8A4-4324-90A7-C3A63EE29089}"
EndProject
Project("{FAE04EC0-301F-11D3-BF4B-00C04F79EFBC}") = "day3", "day3\day3.csproj", "{F4C4953B-68E8-4AEC-88BB-880D1B900B0D}"
EndProject
Project("{FAE04EC0-301F-11D3-BF4B-00C04F79EFBC}") = "day4", "day4\day4.csproj", "{38369FF7-9C92-4F03-B2DD-C0CA8C6FD57B}"
EndProject
Project("{FAE04EC0-301F-11D3-BF4B-00C04F79EFBC}") = "day5", "day5\day5.csproj", "{2735488B-B151-4C97-89F7-9CB42D36BB14}"
EndProject
Project("{FAE04EC0-301F-11D3-BF4B-00C04F79EFBC}") = "day6", "day6\day6.csproj", "{8E58A447-8157-49F1-A847-75A73A91B0FC}"
EndProject
Project("{FAE04EC0-301F-11D3-BF4B-00C04F79EFBC}") = "day7", "day7\day7.csproj", "{1BDB8BAF-EDAE-436F-8919-70DB8CE6A562}"
EndProject
Project("{FAE04EC0-301F-11D3-BF4B-00C04F79EFBC}") = "day8", "day8\day8.csproj", "{28D3D919-0F42-4E43-934A-07D725EB4254}"
EndProject
Project("{FAE04EC0-301F-11D3-BF4B-00C04F79EFBC}") = "day9", "day9\day9.csproj", "{C6A2D240-9B63-4542-85B5-DD59302C07B6}"
EndProject
Global
	GlobalSection(SolutionConfigurationPlatforms) = preSolution
		Debug|Any CPU = Debug|Any CPU
		Release|Any CPU = Release|Any CPU
	EndGlobalSection
	GlobalSection(ProjectConfigurationPlatforms) = postSolution
		{AF89AD60-B316-4A3F-BEA5-A77DC6717817}.Debug|Any CPU.ActiveCfg = Debug|Any CPU
		{AF89AD60-B316-4A3F-BEA5-A77DC6717817}.Debug|Any CPU.Build.0 = Debug|Any CPU
		{AF89AD60-B316-4A3F-BEA5-A77DC6717817}.Release|Any CPU.ActiveCfg = Release|Any CPU
		{AF89AD60-B316-4A3F-BEA5-A77DC6717817}.Release|Any CPU.Build.0 = Release|Any CPU
		{A9474A36-F8A4-4324-90A7-C3A63EE29089}.Debug|Any CPU.ActiveCfg = Debug|Any CPU
		{A9474A36-F8A4-4324-90A7-C3A63EE29089}.Debug|Any CPU.Build.0 = Debug|Any CPU
		{A9474A36-F8A4-4324-90A7-C3A63EE29089}.Release|Any CPU.ActiveCfg = Release|Any CPU
		{A9474A36-F8A4-4324-90A7-C3A63EE29089}.Release|Any CPU.Build.0 = Release|Any CPU
		{F4C4953B-68E8-4AEC-88BB-880D1B900B0D}.Debug|Any CPU.ActiveCfg = Debug|Any CPU
		{F4C4953B-68E8-4AEC-88BB-880D1B900B0D}.Debug|Any CPU.Build.0 = Debug|Any CPU
		{F4C4953B-68E8-4AEC-88BB-880D1B900B0D}.Release|Any CPU.ActiveCfg = Release|Any CPU
		{F4C4953B-68E8-4AEC-88BB-880D1B900B0D}.Release|Any CPU.Build.0 = Release|Any CPU
		{38369FF7-9C92-4F03-B2DD-C0CA8C6FD57B}.Debug|Any CPU.ActiveCfg = Debug|Any CPU
		{38369FF7-9C92-4F03-B2DD-C0CA8C6FD57B}.Debug|Any CPU.Build.0 = Debug|Any CPU
		{38369FF7-9C92-4F03-B2DD-C0CA8C6FD57B}.Release|Any CPU.ActiveCfg = Release|Any CPU
		{38369FF7-9C92-4F03-B2DD-C0CA8C6FD57B}.Release|Any CPU.Build.0 = Release|Any CPU
		{2735488B-B151-4C97-89F7-9CB42D36BB14}.Debug|Any CPU.ActiveCfg = Debug|Any CPU
		{2735488B-B151-4C97-89F7-9CB42D36BB14}.Debug|Any CPU.Build.0 = Debug|Any CPU
		{2735488B-B151-4C97-89F7-9CB42D36BB14}.Release|Any CPU.ActiveCfg = Release|Any CPU
		{2735488B-B151-4C97-89F7-9CB42D36BB14}.Release|Any CPU.Build.0 = Release|Any CPU
		{8E58A447-8157-49F1-A847-75A73A91B0FC}.Debug|Any CPU.ActiveCfg = Debug|Any CPU
		{8E58A447-8157-49F1-A847-75A73A91B0FC}.Debug|Any CPU.Build.0 = Debug|Any CPU
		{8E58A447-8157-49F1-A847-75A73A91B0FC}.Release|Any CPU.ActiveCfg = Release|Any CPU
		{8E58A447-8157-49F1-A847-75A73A91B0FC}.Release|Any CPU.Build.0 = Release|Any CPU
		{1BDB8BAF-EDAE-436F-8919-70DB8CE6A562}.Debug|Any CPU.ActiveCfg = Debug|Any CPU
		{1BDB8BAF-EDAE-436F-8919-70DB8CE6A562}.Debug|Any CPU.Build.0 = Debug|Any CPU
		{1BDB8BAF-EDAE-436F-8919-70DB8CE6A562}.Release|Any CPU.ActiveCfg = Release|Any CPU
		{1BDB8BAF-EDAE-436F-8919-70DB8CE6A562}.Release|Any CPU.Build.0 = Release|Any CPU
		{28D3D919-0F42-4E43-934A-07D725EB4254}.Debug|Any CPU.ActiveCfg = Debug|Any CPU
		{28D3D919-0F42-4E43-934A-07D725EB4254}.Debug|Any CPU.Build.0 = Debug|Any CPU
		{28D3D919-0F42-4E43-934A-07D725EB4254}.Release|Any CPU.ActiveCfg = Release|Any CPU
		{28D3D919-0F42-4E43-934A-07D725EB4254}.Release|Any CPU.Build.0 = Release|Any CPU
		{C6A2D240-9B63-4542-85B5-DD59302C07B6}.Debug|Any CPU.ActiveCfg = Debug|Any CPU
		{C6A2D240-9B63-4542-85B5-DD59302C07B6}.Debug|Any CPU.Build.0 = Debug|Any CPU
		{C6A2D240-9B63-4542-85B5-DD59302C07B6}.Release|Any CPU.ActiveCfg = Release|Any CPU
		{C6A2D240-9B63-4542-85B5-DD59302C07B6}.Release|Any CPU.Build.0 = Release|Any CPU
	EndGlobalSection
EndGlobal
